
Microsoft Visual Studio Solution File, Format Version 12.00
# Visual Studio 15
VisualStudioVersion = 15.0.27703.2042
MinimumVisualStudioVersion = 10.0.40219.1
Project("{FAE04EC0-301F-11D3-BF4B-00C04F79EFBC}") = "Pemira HME", "Pemira HME\Pemira HME.csproj", "{D711E347-F570-4B02-A0F1-5FF1ABEE6F01}"
EndProject
Project("{FAE04EC0-301F-11D3-BF4B-00C04F79EFBC}") = "Aplikasi Nelayan", "..\Aplikasi Nelayan\Aplikasi Nelayan\Aplikasi Nelayan.csproj", "{9618E1CB-3405-4F54-B195-BBC51540F7D7}"
EndProject
Global
	GlobalSection(SolutionConfigurationPlatforms) = preSolution
		Debug|Any CPU = Debug|Any CPU
		Release|Any CPU = Release|Any CPU
	EndGlobalSection
	GlobalSection(ProjectConfigurationPlatforms) = postSolution
		{D711E347-F570-4B02-A0F1-5FF1ABEE6F01}.Debug|Any CPU.ActiveCfg = Debug|Any CPU
		{D711E347-F570-4B02-A0F1-5FF1ABEE6F01}.Debug|Any CPU.Build.0 = Debug|Any CPU
		{D711E347-F570-4B02-A0F1-5FF1ABEE6F01}.Release|Any CPU.ActiveCfg = Release|Any CPU
		{D711E347-F570-4B02-A0F1-5FF1ABEE6F01}.Release|Any CPU.Build.0 = Release|Any CPU
		{9618E1CB-3405-4F54-B195-BBC51540F7D7}.Debug|Any CPU.ActiveCfg = Debug|Any CPU
		{9618E1CB-3405-4F54-B195-BBC51540F7D7}.Debug|Any CPU.Build.0 = Debug|Any CPU
		{9618E1CB-3405-4F54-B195-BBC51540F7D7}.Release|Any CPU.ActiveCfg = Release|Any CPU
		{9618E1CB-3405-4F54-B195-BBC51540F7D7}.Release|Any CPU.Build.0 = Release|Any CPU
	EndGlobalSection
	GlobalSection(SolutionProperties) = preSolution
		HideSolutionNode = FALSE
	EndGlobalSection
	GlobalSection(ExtensibilityGlobals) = postSolution
		SolutionGuid = {3EA95391-6277-4D57-A15F-78E4E2521F36}
	EndGlobalSection
EndGlobal
